
Microsoft Visual Studio Solution File, Format Version 12.00
# Visual Studio Version 16
VisualStudioVersion = 16.0.30225.117
MinimumVisualStudioVersion = 10.0.40219.1
Project("{FAE04EC0-301F-11D3-BF4B-00C04F79EFBC}") = "raceTimes", "raceTimes\raceTimes.csproj", "{61D41A30-A2D9-4669-AA83-935813281032}"
EndProject
Global
	GlobalSection(SolutionConfigurationPlatforms) = preSolution
		Debug|Any CPU = Debug|Any CPU
		Release|Any CPU = Release|Any CPU
	EndGlobalSection
	GlobalSection(ProjectConfigurationPlatforms) = postSolution
		{61D41A30-A2D9-4669-AA83-935813281032}.Debug|Any CPU.ActiveCfg = Debug|Any CPU
		{61D41A30-A2D9-4669-AA83-935813281032}.Debug|Any CPU.Build.0 = Debug|Any CPU
		{61D41A30-A2D9-4669-AA83-935813281032}.Release|Any CPU.ActiveCfg = Release|Any CPU
		{61D41A30-A2D9-4669-AA83-935813281032}.Release|Any CPU.Build.0 = Release|Any CPU
	EndGlobalSection
	GlobalSection(SolutionProperties) = preSolution
		HideSolutionNode = FALSE
	EndGlobalSection
	GlobalSection(ExtensibilityGlobals) = postSolution
		SolutionGuid = {1D03D3CC-10C7-4993-B8BC-BAB73126D6BD}
	EndGlobalSection
EndGlobal
